# Generated by move; do not edit
# This file should be checked in.

[move]
version = 3
manifest_digest = "3F8867484F05D352185C3B1335A4B75EB223FBB18C226BD91895336451CA16BC"
deps_digest = "3C4103934B1E040BB6B23F1D610B4EF9F2F1166A50A104EADCF77467C004C600"
dependencies = [
  { id = "MoveStdlib", name = "MoveStdlib" },
  { id = "One", name = "One" },
]

[[move.package]]
id = "MoveStdlib"
source = { git = "https://github.com/one-chain-labs/onechain.git", rev = "main", subdir = "crates/sui-framework/packages/move-stdlib" }

[[move.package]]
id = "One"
source = { git = "https://github.com/one-chain-labs/onechain.git", rev = "main", subdir = "crates/sui-framework/packages/one-framework" }

dependencies = [
  { id = "MoveStdlib", name = "MoveStdlib" },
]

[move.toolchain-version]
compiler-version = "1.1.1"
edition = "2024.beta"
flavor = "one"

[pinned.testnet.MoveStdlib]
source = { git = "https://github.com/one-chain-labs/onechain.git", subdir = "crates/sui-framework/packages/move-stdlib", rev = "15a6c7b1f14c75ec1829a475172c41b5e6d31c85" }
use_environment = "testnet"
manifest_digest = "C4FE4C91DE74CBF223B2E380AE40F592177D21870DC2D7EB6227D2D694E05363"
deps = {}

[pinned.testnet.One]
source = { git = "https://github.com/one-chain-labs/onechain.git", subdir = "crates/sui-framework/packages/one-framework", rev = "15a6c7b1f14c75ec1829a475172c41b5e6d31c85" }
use_environment = "testnet"
manifest_digest = "7AFB66695545775FBFBB2D3078ADFD084244D5002392E837FDE21D9EA1C6D01C"
deps = { MoveStdlib = "MoveStdlib" }

[pinned.testnet.hunger_battle_arena]
source = { root = true }
use_environment = "testnet"
manifest_digest = "9D9F107D610BC0EB0837096322C0D4C4F7E0621D4A754C9890CC7177121D8519"
deps = { MoveStdlib = "MoveStdlib", One = "One" }

[env]

[env.testnet]
chain-id = "1bd5c965"
original-published-id = "0x3a279f228a55b5629e2a9537202962d60db530ce1af830bf7f1c21faea241e20"
latest-published-id = "0x3a279f228a55b5629e2a9537202962d60db530ce1af830bf7f1c21faea241e20"
published-version = "1"
